
Microsoft Visual Studio Solution File, Format Version 12.00
# Visual Studio Version 16
VisualStudioVersion = 16.0.31019.35
MinimumVisualStudioVersion = 10.0.40219.1
Project("{FAE04EC0-301F-11D3-BF4B-00C04F79EFBC}") = "City test", "City test\City test.csproj", "{82D875B7-64F4-4D50-8982-5F07027D3D54}"
EndProject
Global
	GlobalSection(SolutionConfigurationPlatforms) = preSolution
		Debug|Any CPU = Debug|Any CPU
		Release|Any CPU = Release|Any CPU
	EndGlobalSection
	GlobalSection(ProjectConfigurationPlatforms) = postSolution
		{82D875B7-64F4-4D50-8982-5F07027D3D54}.Debug|Any CPU.ActiveCfg = Debug|Any CPU
		{82D875B7-64F4-4D50-8982-5F07027D3D54}.Debug|Any CPU.Build.0 = Debug|Any CPU
		{82D875B7-64F4-4D50-8982-5F07027D3D54}.Release|Any CPU.ActiveCfg = Release|Any CPU
		{82D875B7-64F4-4D50-8982-5F07027D3D54}.Release|Any CPU.Build.0 = Release|Any CPU
	EndGlobalSection
	GlobalSection(SolutionProperties) = preSolution
		HideSolutionNode = FALSE
	EndGlobalSection
	GlobalSection(ExtensibilityGlobals) = postSolution
		SolutionGuid = {1FC42BC4-067C-424E-B2CA-57C98BABA0C9}
	EndGlobalSection
EndGlobal
